
Microsoft Visual Studio Solution File, Format Version 10.00
# Visual Studio 2008
Project("{FAE04EC0-301F-11D3-BF4B-00C04F79EFBC}") = "RulesEngine", "RulesEngine\RulesEngine.csproj", "{05453C09-F3DB-46EF-851C-0AB0AC766955}"
EndProject
Project("{FAE04EC0-301F-11D3-BF4B-00C04F79EFBC}") = "RuleEngineTests", "RuleEngineTests\RuleEngineTests.csproj", "{870370DF-A640-4188-BDDD-AB1CCE2A568E}"
EndProject
Project("{FAE04EC0-301F-11D3-BF4B-00C04F79EFBC}") = "RulesEngine.BooEvaluator", "RulesEngine.BooEvaluator\RulesEngine.BooEvaluator.csproj", "{535D3A6C-9293-4CC6-8E44-76EEC136D0D1}"
EndProject
Project("{FAE04EC0-301F-11D3-BF4B-00C04F79EFBC}") = "RulesEngine.Persistence", "RulesEngine.Persistence\RulesEngine.Persistence.csproj", "{0B37F672-A5CB-493B-AE58-F1529033D0D9}"
EndProject
Global
	GlobalSection(SolutionConfigurationPlatforms) = preSolution
		Debug|Any CPU = Debug|Any CPU
		Release|Any CPU = Release|Any CPU
	EndGlobalSection
	GlobalSection(ProjectConfigurationPlatforms) = postSolution
		{05453C09-F3DB-46EF-851C-0AB0AC766955}.Debug|Any CPU.ActiveCfg = Debug|Any CPU
		{05453C09-F3DB-46EF-851C-0AB0AC766955}.Debug|Any CPU.Build.0 = Debug|Any CPU
		{05453C09-F3DB-46EF-851C-0AB0AC766955}.Release|Any CPU.ActiveCfg = Release|Any CPU
		{05453C09-F3DB-46EF-851C-0AB0AC766955}.Release|Any CPU.Build.0 = Release|Any CPU
		{870370DF-A640-4188-BDDD-AB1CCE2A568E}.Debug|Any CPU.ActiveCfg = Debug|Any CPU
		{870370DF-A640-4188-BDDD-AB1CCE2A568E}.Debug|Any CPU.Build.0 = Debug|Any CPU
		{870370DF-A640-4188-BDDD-AB1CCE2A568E}.Release|Any CPU.ActiveCfg = Release|Any CPU
		{870370DF-A640-4188-BDDD-AB1CCE2A568E}.Release|Any CPU.Build.0 = Release|Any CPU
		{535D3A6C-9293-4CC6-8E44-76EEC136D0D1}.Debug|Any CPU.ActiveCfg = Debug|Any CPU
		{535D3A6C-9293-4CC6-8E44-76EEC136D0D1}.Debug|Any CPU.Build.0 = Debug|Any CPU
		{535D3A6C-9293-4CC6-8E44-76EEC136D0D1}.Release|Any CPU.ActiveCfg = Release|Any CPU
		{535D3A6C-9293-4CC6-8E44-76EEC136D0D1}.Release|Any CPU.Build.0 = Release|Any CPU
		{0B37F672-A5CB-493B-AE58-F1529033D0D9}.Debug|Any CPU.ActiveCfg = Debug|Any CPU
		{0B37F672-A5CB-493B-AE58-F1529033D0D9}.Debug|Any CPU.Build.0 = Debug|Any CPU
		{0B37F672-A5CB-493B-AE58-F1529033D0D9}.Release|Any CPU.ActiveCfg = Release|Any CPU
		{0B37F672-A5CB-493B-AE58-F1529033D0D9}.Release|Any CPU.Build.0 = Release|Any CPU
	EndGlobalSection
	GlobalSection(SolutionProperties) = preSolution
		HideSolutionNode = FALSE
	EndGlobalSection
EndGlobal
